// !$*UTF8*$!
{
	archiveVersion = 1;
	classes = {
	};
	objectVersion = 56;
	objects = {

/* Begin PBXBuildFile section */
		5B8714892D072957007C03B0 /* LiveScan_AppApp.swift in Sources */ = {isa = PBXBuildFile; fileRef = 5B8714882D072957007C03B0 /* LiveScan_AppApp.swift */; };
		5B87148B2D072957007C03B0 /* ContentView.swift in Sources */ = {isa = PBXBuildFile; fileRef = 5B87148A2D072957007C03B0 /* ContentView.swift */; };
		5B87148D2D072957007C03B0 /* Item.swift in Sources */ = {isa = PBXBuildFile; fileRef = 5B87148C2D072957007C03B0 /* Item.swift */; };
		5B87148F2D072959007C03B0 /* Assets.xcassets in Resources */ = {isa = PBXBuildFile; fileRef = 5B87148E2D072959007C03B0 /* Assets.xcassets */; };
		5B8714922D072959007C03B0 /* Preview Assets.xcassets in Resources */ = {isa = PBXBuildFile; fileRef = 5B8714912D072959007C03B0 /* Preview Assets.xcassets */; };
		5B87149C2D072959007C03B0 /* LiveScan_AppTests.swift in Sources */ = {isa = PBXBuildFile; fileRef = 5B87149B2D072959007C03B0 /* LiveScan_AppTests.swift */; };
		5B8714A62D072959007C03B0 /* LiveScan_AppUITests.swift in Sources */ = {isa = PBXBuildFile; fileRef = 5B8714A52D072959007C03B0 /* LiveScan_AppUITests.swift */; };
		5B8714A82D072959007C03B0 /* LiveScan_AppUITestsLaunchTests.swift in Sources */ = {isa = PBXBuildFile; fileRef = 5B8714A72D072959007C03B0 /* LiveScan_AppUITestsLaunchTests.swift */; };
		5B8714B52D072A15007C03B0 /* ConfigView.swift in Sources */ = {isa = PBXBuildFile; fileRef = 5B8714B42D072A15007C03B0 /* ConfigView.swift */; };
		5B8714B72D072A31007C03B0 /* LocationManager.swift in Sources */ = {isa = PBXBuildFile; fileRef = 5B8714B62D072A31007C03B0 /* LocationManager.swift */; };
/* End PBXBuildFile section */

/* Begin PBXContainerItemProxy section */
		5B8714982D072959007C03B0 /* PBXContainerItemProxy */ = {
			isa = PBXContainerItemProxy;
			containerPortal = 5B87147D2D072957007C03B0 /* Project object */;
			proxyType = 1;
			remoteGlobalIDString = 5B8714842D072957007C03B0;
			remoteInfo = "LiveScan-App";
		};
		5B8714A22D072959007C03B0 /* PBXContainerItemProxy */ = {
			isa = PBXContainerItemProxy;
			containerPortal = 5B87147D2D072957007C03B0 /* Project object */;
			proxyType = 1;
			remoteGlobalIDString = 5B8714842D072957007C03B0;
			remoteInfo = "LiveScan-App";
		};
/* End PBXContainerItemProxy section */

/* Begin PBXFileReference section */
		5B8714852D072957007C03B0 /* LiveScan-App.app */ = {isa = PBXFileReference; explicitFileType = wrapper.application; includeInIndex = 0; path = "LiveScan-App.app"; sourceTree = BUILT_PRODUCTS_DIR; };
		5B8714882D072957007C03B0 /* LiveScan_AppApp.swift */ = {isa = PBXFileReference; lastKnownFileType = sourcecode.swift; path = LiveScan_AppApp.swift; sourceTree = "<group>"; };
		5B87148A2D072957007C03B0 /* ContentView.swift */ = {isa = PBXFileReference; lastKnownFileType = sourcecode.swift; path = ContentView.swift; sourceTree = "<group>"; };
		5B87148C2D072957007C03B0 /* Item.swift */ = {isa = PBXFileReference; lastKnownFileType = sourcecode.swift; path = Item.swift; sourceTree = "<group>"; };
		5B87148E2D072959007C03B0 /* Assets.xcassets */ = {isa = PBXFileReference; lastKnownFileType = folder.assetcatalog; path = Assets.xcassets; sourceTree = "<group>"; };
		5B8714912D072959007C03B0 /* Preview Assets.xcassets */ = {isa = PBXFileReference; lastKnownFileType = folder.assetcatalog; path = "Preview Assets.xcassets"; sourceTree = "<group>"; };
		5B8714972D072959007C03B0 /* LiveScan-AppTests.xctest */ = {isa = PBXFileReference; explicitFileType = wrapper.cfbundle; includeInIndex = 0; path = "LiveScan-AppTests.xctest"; sourceTree = BUILT_PRODUCTS_DIR; };
		5B87149B2D072959007C03B0 /* LiveScan_AppTests.swift */ = {isa = PBXFileReference; lastKnownFileType = sourcecode.swift; path = LiveScan_AppTests.swift; sourceTree = "<group>"; };
		5B8714A12D072959007C03B0 /* LiveScan-AppUITests.xctest */ = {isa = PBXFileReference; explicitFileType = wrapper.cfbundle; includeInIndex = 0; path = "LiveScan-AppUITests.xctest"; sourceTree = BUILT_PRODUCTS_DIR; };
		5B8714A52D072959007C03B0 /* LiveScan_AppUITests.swift */ = {isa = PBXFileReference; lastKnownFileType = sourcecode.swift; path = LiveScan_AppUITests.swift; sourceTree = "<group>"; };
		5B8714A72D072959007C03B0 /* LiveScan_AppUITestsLaunchTests.swift */ = {isa = PBXFileReference; lastKnownFileType = sourcecode.swift; path = LiveScan_AppUITestsLaunchTests.swift; sourceTree = "<group>"; };
		5B8714B42D072A15007C03B0 /* ConfigView.swift */ = {isa = PBXFileReference; lastKnownFileType = sourcecode.swift; path = ConfigView.swift; sourceTree = "<group>"; };
		5B8714B62D072A31007C03B0 /* LocationManager.swift */ = {isa = PBXFileReference; lastKnownFileType = sourcecode.swift; path = LocationManager.swift; sourceTree = "<group>"; };
		5B8714B82D072CEE007C03B0 /* Info.plist */ = {isa = PBXFileReference; lastKnownFileType = text.plist; path = Info.plist; sourceTree = "<group>"; };
/* End PBXFileReference section */

/* Begin PBXFrameworksBuildPhase section */
		5B8714822D072957007C03B0 /* Frameworks */ = {
			isa = PBXFrameworksBuildPhase;
			buildActionMask = 2147483647;
			files = (
			);
			runOnlyForDeploymentPostprocessing = 0;
		};
		5B8714942D072959007C03B0 /* Frameworks */ = {
			isa = PBXFrameworksBuildPhase;
			buildActionMask = 2147483647;
			files = (
			);
			runOnlyForDeploymentPostprocessing = 0;
		};
		5B87149E2D072959007C03B0 /* Frameworks */ = {
			isa = PBXFrameworksBuildPhase;
			buildActionMask = 2147483647;
			files = (
			);
			runOnlyForDeploymentPostprocessing = 0;
		};
/* End PBXFrameworksBuildPhase section */

/* Begin PBXGroup section */
		5B87147C2D072957007C03B0 = {
			isa = PBXGroup;
			children = (
				5B8714872D072957007C03B0 /* LiveScan-App */,
				5B87149A2D072959007C03B0 /* LiveScan-AppTests */,
				5B8714A42D072959007C03B0 /* LiveScan-AppUITests */,
				5B8714862D072957007C03B0 /* Products */,
			);
			sourceTree = "<group>";
		};
		5B8714862D072957007C03B0 /* Products */ = {
			isa = PBXGroup;
			children = (
				5B8714852D072957007C03B0 /* LiveScan-App.app */,
				5B8714972D072959007C03B0 /* LiveScan-AppTests.xctest */,
				5B8714A12D072959007C03B0 /* LiveScan-AppUITests.xctest */,
			);
			name = Products;
			sourceTree = "<group>";
		};
		5B8714872D072957007C03B0 /* LiveScan-App */ = {
			isa = PBXGroup;
			children = (
				5B8714B82D072CEE007C03B0 /* Info.plist */,
				5B8714882D072957007C03B0 /* LiveScan_AppApp.swift */,
				5B8714B42D072A15007C03B0 /* ConfigView.swift */,
				5B8714B62D072A31007C03B0 /* LocationManager.swift */,
				5B87148A2D072957007C03B0 /* ContentView.swift */,
				5B87148C2D072957007C03B0 /* Item.swift */,
				5B87148E2D072959007C03B0 /* Assets.xcassets */,
				5B8714902D072959007C03B0 /* Preview Content */,
			);
			path = "LiveScan-App";
			sourceTree = "<group>";
		};
		5B8714902D072959007C03B0 /* Preview Content */ = {
			isa = PBXGroup;
			children = (
				5B8714912D072959007C03B0 /* Preview Assets.xcassets */,
			);
			path = "Preview Content";
			sourceTree = "<group>";
		};
		5B87149A2D072959007C03B0 /* LiveScan-AppTests */ = {
			isa = PBXGroup;
			children = (
				5B87149B2D072959007C03B0 /* LiveScan_AppTests.swift */,
			);
			path = "LiveScan-AppTests";
			sourceTree = "<group>";
		};
		5B8714A42D072959007C03B0 /* LiveScan-AppUITests */ = {
			isa = PBXGroup;
			children = (
				5B8714A52D072959007C03B0 /* LiveScan_AppUITests.swift */,
				5B8714A72D072959007C03B0 /* LiveScan_AppUITestsLaunchTests.swift */,
			);
			path = "LiveScan-AppUITests";
			sourceTree = "<group>";
		};
/* End PBXGroup section */

/* Begin PBXNativeTarget section */
		5B8714842D072957007C03B0 /* LiveScan-App */ = {
			isa = PBXNativeTarget;
			buildConfigurationList = 5B8714AB2D072959007C03B0 /* Build configuration list for PBXNativeTarget "LiveScan-App" */;
			buildPhases = (
				5B8714812D072957007C03B0 /* Sources */,
				5B8714822D072957007C03B0 /* Frameworks */,
				5B8714832D072957007C03B0 /* Resources */,
			);
			buildRules = (
			);
			dependencies = (
			);
			name = "LiveScan-App";
			productName = "LiveScan-App";
			productReference = 5B8714852D072957007C03B0 /* LiveScan-App.app */;
			productType = "com.apple.product-type.application";
		};
		5B8714962D072959007C03B0 /* LiveScan-AppTests */ = {
			isa = PBXNativeTarget;
			buildConfigurationList = 5B8714AE2D072959007C03B0 /* Build configuration list for PBXNativeTarget "LiveScan-AppTests" */;
			buildPhases = (
				5B8714932D072959007C03B0 /* Sources */,
				5B8714942D072959007C03B0 /* Frameworks */,
				5B8714952D072959007C03B0 /* Resources */,
			);
			buildRules = (
			);
			dependencies = (
				5B8714992D072959007C03B0 /* PBXTargetDependency */,
			);
			name = "LiveScan-AppTests";
			productName = "LiveScan-AppTests";
			productReference = 5B8714972D072959007C03B0 /* LiveScan-AppTests.xctest */;
			productType = "com.apple.product-type.bundle.unit-test";
		};
		5B8714A02D072959007C03B0 /* LiveScan-AppUITests */ = {
			isa = PBXNativeTarget;
			buildConfigurationList = 5B8714B12D072959007C03B0 /* Build configuration list for PBXNativeTarget "LiveScan-AppUITests" */;
			buildPhases = (
				5B87149D2D072959007C03B0 /* Sources */,
				5B87149E2D072959007C03B0 /* Frameworks */,
				5B87149F2D072959007C03B0 /* Resources */,
			);
			buildRules = (
			);
			dependencies = (
				5B8714A32D072959007C03B0 /* PBXTargetDependency */,
			);
			name = "LiveScan-AppUITests";
			productName = "LiveScan-AppUITests";
			productReference = 5B8714A12D072959007C03B0 /* LiveScan-AppUITests.xctest */;
			productType = "com.apple.product-type.bundle.ui-testing";
		};
/* End PBXNativeTarget section */

/* Begin PBXProject section */
		5B87147D2D072957007C03B0 /* Project object */ = {
			isa = PBXProject;
			attributes = {
				BuildIndependentTargetsInParallel = 1;
				LastSwiftUpdateCheck = 1540;
				LastUpgradeCheck = 1540;
				TargetAttributes = {
					5B8714842D072957007C03B0 = {
						CreatedOnToolsVersion = 15.4;
					};
					5B8714962D072959007C03B0 = {
						CreatedOnToolsVersion = 15.4;
						TestTargetID = 5B8714842D072957007C03B0;
					};
					5B8714A02D072959007C03B0 = {
						CreatedOnToolsVersion = 15.4;
						TestTargetID = 5B8714842D072957007C03B0;
					};
				};
			};
			buildConfigurationList = 5B8714802D072957007C03B0 /* Build configuration list for PBXProject "LiveScan-App" */;
			compatibilityVersion = "Xcode 14.0";
			developmentRegion = en;
			hasScannedForEncodings = 0;
			knownRegions = (
				en,
				Base,
			);
			mainGroup = 5B87147C2D072957007C03B0;
			productRefGroup = 5B8714862D072957007C03B0 /* Products */;
			projectDirPath = "";
			projectRoot = "";
			targets = (
				5B8714842D072957007C03B0 /* LiveScan-App */,
				5B8714962D072959007C03B0 /* LiveScan-AppTests */,
				5B8714A02D072959007C03B0 /* LiveScan-AppUITests */,
			);
		};
/* End PBXProject section */

/* Begin PBXResourcesBuildPhase section */
		5B8714832D072957007C03B0 /* Resources */ = {
			isa = PBXResourcesBuildPhase;
			buildActionMask = 2147483647;
			files = (
				5B8714922D072959007C03B0 /* Preview Assets.xcassets in Resources */,
				5B87148F2D072959007C03B0 /* Assets.xcassets in Resources */,
			);
			runOnlyForDeploymentPostprocessing = 0;
		};
		5B8714952D072959007C03B0 /* Resources */ = {
			isa = PBXResourcesBuildPhase;
			buildActionMask = 2147483647;
			files = (
			);
			runOnlyForDeploymentPostprocessing = 0;
		};
		5B87149F2D072959007C03B0 /* Resources */ = {
			isa = PBXResourcesBuildPhase;
			buildActionMask = 2147483647;
			files = (
			);
			runOnlyForDeploymentPostprocessing = 0;
		};
/* End PBXResourcesBuildPhase section */

/* Begin PBXSourcesBuildPhase section */
		5B8714812D072957007C03B0 /* Sources */ = {
			isa = PBXSourcesBuildPhase;
			buildActionMask = 2147483647;
			files = (
				5B8714B52D072A15007C03B0 /* ConfigView.swift in Sources */,
				5B87148B2D072957007C03B0 /* ContentView.swift in Sources */,
				5B8714B72D072A31007C03B0 /* LocationManager.swift in Sources */,
				5B87148D2D072957007C03B0 /* Item.swift in Sources */,
				5B8714892D072957007C03B0 /* LiveScan_AppApp.swift in Sources */,
			);
			runOnlyForDeploymentPostprocessing = 0;
		};
		5B8714932D072959007C03B0 /* Sources */ = {
			isa = PBXSourcesBuildPhase;
			buildActionMask = 2147483647;
			files = (
				5B87149C2D072959007C03B0 /* LiveScan_AppTests.swift in Sources */,
			);
			runOnlyForDeploymentPostprocessing = 0;
		};
		5B87149D2D072959007C03B0 /* Sources */ = {
			isa = PBXSourcesBuildPhase;
			buildActionMask = 2147483647;
			files = (
				5B8714A62D072959007C03B0 /* LiveScan_AppUITests.swift in Sources */,
				5B8714A82D072959007C03B0 /* LiveScan_AppUITestsLaunchTests.swift in Sources */,
			);
			runOnlyForDeploymentPostprocessing = 0;
		};
/* End PBXSourcesBuildPhase section */

/* Begin PBXTargetDependency section */
		5B8714992D072959007C03B0 /* PBXTargetDependency */ = {
			isa = PBXTargetDependency;
			target = 5B8714842D072957007C03B0 /* LiveScan-App */;
			targetProxy = 5B8714982D072959007C03B0 /* PBXContainerItemProxy */;
		};
		5B8714A32D072959007C03B0 /* PBXTargetDependency */ = {
			isa = PBXTargetDependency;
			target = 5B8714842D072957007C03B0 /* LiveScan-App */;
			targetProxy = 5B8714A22D072959007C03B0 /* PBXContainerItemProxy */;
		};
/* End PBXTargetDependency section */

/* Begin XCBuildConfiguration section */
		5B8714A92D072959007C03B0 /* Debug */ = {
			isa = XCBuildConfiguration;
			buildSettings = {
				ALWAYS_SEARCH_USER_PATHS = NO;
				ASSETCATALOG_COMPILER_GENERATE_SWIFT_ASSET_SYMBOL_EXTENSIONS = YES;
				CLANG_ANALYZER_NONNULL = YES;
				CLANG_ANALYZER_NUMBER_OBJECT_CONVERSION = YES_AGGRESSIVE;
				CLANG_CXX_LANGUAGE_STANDARD = "gnu++20";
				CLANG_ENABLE_MODULES = YES;
				CLANG_ENABLE_OBJC_ARC = YES;
				CLANG_ENABLE_OBJC_WEAK = YES;
				CLANG_WARN_BLOCK_CAPTURE_AUTORELEASING = YES;
				CLANG_WARN_BOOL_CONVERSION = YES;
				CLANG_WARN_COMMA = YES;
				CLANG_WARN_CONSTANT_CONVERSION = YES;
				CLANG_WARN_DEPRECATED_OBJC_IMPLEMENTATIONS = YES;
				CLANG_WARN_DIRECT_OBJC_ISA_USAGE = YES_ERROR;
				CLANG_WARN_DOCUMENTATION_COMMENTS = YES;
				CLANG_WARN_EMPTY_BODY = YES;
				CLANG_WARN_ENUM_CONVERSION = YES;
				CLANG_WARN_INFINITE_RECURSION = YES;
				CLANG_WARN_INT_CONVERSION = YES;
				CLANG_WARN_NON_LITERAL_NULL_CONVERSION = YES;
				CLANG_WARN_OBJC_IMPLICIT_RETAIN_SELF = YES;
				CLANG_WARN_OBJC_LITERAL_CONVERSION = YES;
				CLANG_WARN_OBJC_ROOT_CLASS = YES_ERROR;
				CLANG_WARN_QUOTED_INCLUDE_IN_FRAMEWORK_HEADER = YES;
				CLANG_WARN_RANGE_LOOP_ANALYSIS = YES;
				CLANG_WARN_STRICT_PROTOTYPES = YES;
				CLANG_WARN_SUSPICIOUS_MOVE = YES;
				CLANG_WARN_UNGUARDED_AVAILABILITY = YES_AGGRESSIVE;
				CLANG_WARN_UNREACHABLE_CODE = YES;
				CLANG_WARN__DUPLICATE_METHOD_MATCH = YES;
				COPY_PHASE_STRIP = NO;
				DEBUG_INFORMATION_FORMAT = dwarf;
				ENABLE_STRICT_OBJC_MSGSEND = YES;
				ENABLE_TESTABILITY = YES;
				ENABLE_USER_SCRIPT_SANDBOXING = YES;
				GCC_C_LANGUAGE_STANDARD = gnu17;
				GCC_DYNAMIC_NO_PIC = NO;
				GCC_NO_COMMON_BLOCKS = YES;
				GCC_OPTIMIZATION_LEVEL = 0;
				GCC_PREPROCESSOR_DEFINITIONS = (
					"DEBUG=1",
					"$(inherited)",
				);
				GCC_WARN_64_TO_32_BIT_CONVERSION = YES;
				GCC_WARN_ABOUT_RETURN_TYPE = YES_ERROR;
				GCC_WARN_UNDECLARED_SELECTOR = YES;
				GCC_WARN_UNINITIALIZED_AUTOS = YES_AGGRESSIVE;
				GCC_WARN_UNUSED_FUNCTION = YES;
				GCC_WARN_UNUSED_VARIABLE = YES;
				IPHONEOS_DEPLOYMENT_TARGET = 17.5;
				LOCALIZATION_PREFERS_STRING_CATALOGS = YES;
				MTL_ENABLE_DEBUG_INFO = INCLUDE_SOURCE;
				MTL_FAST_MATH = YES;
				ONLY_ACTIVE_ARCH = YES;
				SDKROOT = iphoneos;
				SWIFT_ACTIVE_COMPILATION_CONDITIONS = "DEBUG $(inherited)";
				SWIFT_OPTIMIZATION_LEVEL = "-Onone";
			};
			name = Debug;
		};
		5B8714AA2D072959007C03B0 /* Release */ = {
			isa = XCBuildConfiguration;
			buildSettings = {
				ALWAYS_SEARCH_USER_PATHS = NO;
				ASSETCATALOG_COMPILER_GENERATE_SWIFT_ASSET_SYMBOL_EXTENSIONS = YES;
				CLANG_ANALYZER_NONNULL = YES;
				CLANG_ANALYZER_NUMBER_OBJECT_CONVERSION = YES_AGGRESSIVE;
				CLANG_CXX_LANGUAGE_STANDARD = "gnu++20";
				CLANG_ENABLE_MODULES = YES;
				CLANG_ENABLE_OBJC_ARC = YES;
				CLANG_ENABLE_OBJC_WEAK = YES;
				CLANG_WARN_BLOCK_CAPTURE_AUTORELEASING = YES;
				CLANG_WARN_BOOL_CONVERSION = YES;
				CLANG_WARN_COMMA = YES;
				CLANG_WARN_CONSTANT_CONVERSION = YES;
				CLANG_WARN_DEPRECATED_OBJC_IMPLEMENTATIONS = YES;
				CLANG_WARN_DIRECT_OBJC_ISA_USAGE = YES_ERROR;
				CLANG_WARN_DOCUMENTATION_COMMENTS = YES;
				CLANG_WARN_EMPTY_BODY = YES;
				CLANG_WARN_ENUM_CONVERSION = YES;
				CLANG_WARN_INFINITE_RECURSION = YES;
				CLANG_WARN_INT_CONVERSION = YES;
				CLANG_WARN_NON_LITERAL_NULL_CONVERSION = YES;
				CLANG_WARN_OBJC_IMPLICIT_RETAIN_SELF = YES;
				CLANG_WARN_OBJC_LITERAL_CONVERSION = YES;
				CLANG_WARN_OBJC_ROOT_CLASS = YES_ERROR;
				CLANG_WARN_QUOTED_INCLUDE_IN_FRAMEWORK_HEADER = YES;
				CLANG_WARN_RANGE_LOOP_ANALYSIS = YES;
				CLANG_WARN_STRICT_PROTOTYPES = YES;
				CLANG_WARN_SUSPICIOUS_MOVE = YES;
				CLANG_WARN_UNGUARDED_AVAILABILITY = YES_AGGRESSIVE;
				CLANG_WARN_UNREACHABLE_CODE = YES;
				CLANG_WARN__DUPLICATE_METHOD_MATCH = YES;
				COPY_PHASE_STRIP = NO;
				DEBUG_INFORMATION_FORMAT = "dwarf-with-dsym";
				ENABLE_NS_ASSERTIONS = NO;
				ENABLE_STRICT_OBJC_MSGSEND = YES;
				ENABLE_USER_SCRIPT_SANDBOXING = YES;
				GCC_C_LANGUAGE_STANDARD = gnu17;
				GCC_NO_COMMON_BLOCKS = YES;
				GCC_WARN_64_TO_32_BIT_CONVERSION = YES;
				GCC_WARN_ABOUT_RETURN_TYPE = YES_ERROR;
				GCC_WARN_UNDECLARED_SELECTOR = YES;
				GCC_WARN_UNINITIALIZED_AUTOS = YES_AGGRESSIVE;
				GCC_WARN_UNUSED_FUNCTION = YES;
				GCC_WARN_UNUSED_VARIABLE = YES;
				IPHONEOS_DEPLOYMENT_TARGET = 17.5;
				LOCALIZATION_PREFERS_STRING_CATALOGS = YES;
				MTL_ENABLE_DEBUG_INFO = NO;
				MTL_FAST_MATH = YES;
				SDKROOT = iphoneos;
				SWIFT_COMPILATION_MODE = wholemodule;
				VALIDATE_PRODUCT = YES;
			};
			name = Release;
		};
		5B8714AC2D072959007C03B0 /* Debug */ = {
			isa = XCBuildConfiguration;
			buildSettings = {
				ASSETCATALOG_COMPILER_APPICON_NAME = AppIcon;
				ASSETCATALOG_COMPILER_GLOBAL_ACCENT_COLOR_NAME = AccentColor;
				CODE_SIGN_STYLE = Automatic;
				CURRENT_PROJECT_VERSION = 1;
				DEVELOPMENT_ASSET_PATHS = "\"LiveScan-App/Preview Content\"";
				ENABLE_PREVIEWS = YES;
				GENERATE_INFOPLIST_FILE = YES;
				INFOPLIST_FILE = "LiveScan-App/Info.plist";
				INFOPLIST_KEY_UIApplicationSceneManifest_Generation = YES;
				INFOPLIST_KEY_UIApplicationSupportsIndirectInputEvents = YES;
				INFOPLIST_KEY_UILaunchScreen_Generation = YES;
				INFOPLIST_KEY_UISupportedInterfaceOrientations_iPad = "UIInterfaceOrientationPortrait UIInterfaceOrientationPortraitUpsideDown UIInterfaceOrientationLandscapeLeft UIInterfaceOrientationLandscapeRight";
				INFOPLIST_KEY_UISupportedInterfaceOrientations_iPhone = "UIInterfaceOrientationPortrait UIInterfaceOrientationLandscapeLeft UIInterfaceOrientationLandscapeRight";
				LD_RUNPATH_SEARCH_PATHS = (
					"$(inherited)",
					"@executable_path/Frameworks",
				);
				MARKETING_VERSION = 1.0;
				PRODUCT_BUNDLE_IDENTIFIER = "divisiontwentyone.LiveScan-App";
				PRODUCT_NAME = "$(TARGET_NAME)";
				SWIFT_EMIT_LOC_STRINGS = YES;
				SWIFT_VERSION = 5.0;
				TARGETED_DEVICE_FAMILY = "1,2";
			};
			name = Debug;
		};
		5B8714AD2D072959007C03B0 /* Release */ = {
			isa = XCBuildConfiguration;
			buildSettings = {
				ASSETCATALOG_COMPILER_APPICON_NAME = AppIcon;
				ASSETCATALOG_COMPILER_GLOBAL_ACCENT_COLOR_NAME = AccentColor;
				CODE_SIGN_STYLE = Automatic;
				CURRENT_PROJECT_VERSION = 1;
				DEVELOPMENT_ASSET_PATHS = "\"LiveScan-App/Preview Content\"";
				ENABLE_PREVIEWS = YES;
				GENERATE_INFOPLIST_FILE = YES;
				INFOPLIST_FILE = "LiveScan-App/Info.plist";
				INFOPLIST_KEY_UIApplicationSceneManifest_Generation = YES;
				INFOPLIST_KEY_UIApplicationSupportsIndirectInputEvents = YES;
				INFOPLIST_KEY_UILaunchScreen_Generation = YES;
				INFOPLIST_KEY_UISupportedInterfaceOrientations_iPad = "UIInterfaceOrientationPortrait UIInterfaceOrientationPortraitUpsideDown UIInterfaceOrientationLandscapeLeft UIInterfaceOrientationLandscapeRight";
				INFOPLIST_KEY_UISupportedInterfaceOrientations_iPhone = "UIInterfaceOrientationPortrait UIInterfaceOrientationLandscapeLeft UIInterfaceOrientationLandscapeRight";
				LD_RUNPATH_SEARCH_PATHS = (
					"$(inherited)",
					"@executable_path/Frameworks",
				);
				MARKETING_VERSION = 1.0;
				PRODUCT_BUNDLE_IDENTIFIER = "divisiontwentyone.LiveScan-App";
				PRODUCT_NAME = "$(TARGET_NAME)";
				SWIFT_EMIT_LOC_STRINGS = YES;
				SWIFT_VERSION = 5.0;
				TARGETED_DEVICE_FAMILY = "1,2";
			};
			name = Release;
		};
		5B8714AF2D072959007C03B0 /* Debug */ = {
			isa = XCBuildConfiguration;
			buildSettings = {
				ALWAYS_EMBED_SWIFT_STANDARD_LIBRARIES = YES;
				BUNDLE_LOADER = "$(TEST_HOST)";
				CODE_SIGN_STYLE = Automatic;
				CURRENT_PROJECT_VERSION = 1;
				GENERATE_INFOPLIST_FILE = YES;
				IPHONEOS_DEPLOYMENT_TARGET = 17.5;
				MARKETING_VERSION = 1.0;
				PRODUCT_BUNDLE_IDENTIFIER = "divisiontwentyone.LiveScan-AppTests";
				PRODUCT_NAME = "$(TARGET_NAME)";
				SWIFT_EMIT_LOC_STRINGS = NO;
				SWIFT_VERSION = 5.0;
				TARGETED_DEVICE_FAMILY = "1,2";
				TEST_HOST = "$(BUILT_PRODUCTS_DIR)/LiveScan-App.app/$(BUNDLE_EXECUTABLE_FOLDER_PATH)/LiveScan-App";
			};
			name = Debug;
		};
		5B8714B02D072959007C03B0 /* Release */ = {
			isa = XCBuildConfiguration;
			buildSettings = {
				ALWAYS_EMBED_SWIFT_STANDARD_LIBRARIES = YES;
				BUNDLE_LOADER = "$(TEST_HOST)";
				CODE_SIGN_STYLE = Automatic;
				CURRENT_PROJECT_VERSION = 1;
				GENERATE_INFOPLIST_FILE = YES;
				IPHONEOS_DEPLOYMENT_TARGET = 17.5;
				MARKETING_VERSION = 1.0;
				PRODUCT_BUNDLE_IDENTIFIER = "divisiontwentyone.LiveScan-AppTests";
				PRODUCT_NAME = "$(TARGET_NAME)";
				SWIFT_EMIT_LOC_STRINGS = NO;
				SWIFT_VERSION = 5.0;
				TARGETED_DEVICE_FAMILY = "1,2";
				TEST_HOST = "$(BUILT_PRODUCTS_DIR)/LiveScan-App.app/$(BUNDLE_EXECUTABLE_FOLDER_PATH)/LiveScan-App";
			};
			name = Release;
		};
		5B8714B22D072959007C03B0 /* Debug */ = {
			isa = XCBuildConfiguration;
			buildSettings = {
				ALWAYS_EMBED_SWIFT_STANDARD_LIBRARIES = YES;
				CODE_SIGN_STYLE = Automatic;
				CURRENT_PROJECT_VERSION = 1;
				GENERATE_INFOPLIST_FILE = YES;
				MARKETING_VERSION = 1.0;
				PRODUCT_BUNDLE_IDENTIFIER = "divisiontwentyone.LiveScan-AppUITests";
				PRODUCT_NAME = "$(TARGET_NAME)";
				SWIFT_EMIT_LOC_STRINGS = NO;
				SWIFT_VERSION = 5.0;
				TARGETED_DEVICE_FAMILY = "1,2";
				TEST_TARGET_NAME = "LiveScan-App";
			};
			name = Debug;
		};
		5B8714B32D072959007C03B0 /* Release */ = {
			isa = XCBuildConfiguration;
			buildSettings = {
				ALWAYS_EMBED_SWIFT_STANDARD_LIBRARIES = YES;
				CODE_SIGN_STYLE = Automatic;
				CURRENT_PROJECT_VERSION = 1;
				GENERATE_INFOPLIST_FILE = YES;
				MARKETING_VERSION = 1.0;
				PRODUCT_BUNDLE_IDENTIFIER = "divisiontwentyone.LiveScan-AppUITests";
				PRODUCT_NAME = "$(TARGET_NAME)";
				SWIFT_EMIT_LOC_STRINGS = NO;
				SWIFT_VERSION = 5.0;
				TARGETED_DEVICE_FAMILY = "1,2";
				TEST_TARGET_NAME = "LiveScan-App";
			};
			name = Release;
		};
/* End XCBuildConfiguration section */

/* Begin XCConfigurationList section */
		5B8714802D072957007C03B0 /* Build configuration list for PBXProject "LiveScan-App" */ = {
			isa = XCConfigurationList;
			buildConfigurations = (
				5B8714A92D072959007C03B0 /* Debug */,
				5B8714AA2D072959007C03B0 /* Release */,
			);
			defaultConfigurationIsVisible = 0;
			defaultConfigurationName = Release;
		};
		5B8714AB2D072959007C03B0 /* Build configuration list for PBXNativeTarget "LiveScan-App" */ = {
			isa = XCConfigurationList;
			buildConfigurations = (
				5B8714AC2D072959007C03B0 /* Debug */,
				5B8714AD2D072959007C03B0 /* Release */,
			);
			defaultConfigurationIsVisible = 0;
			defaultConfigurationName = Release;
		};
		5B8714AE2D072959007C03B0 /* Build configuration list for PBXNativeTarget "LiveScan-AppTests" */ = {
			isa = XCConfigurationList;
			buildConfigurations = (
				5B8714AF2D072959007C03B0 /* Debug */,
				5B8714B02D072959007C03B0 /* Release */,
			);
			defaultConfigurationIsVisible = 0;
			defaultConfigurationName = Release;
		};
		5B8714B12D072959007C03B0 /* Build configuration list for PBXNativeTarget "LiveScan-AppUITests" */ = {
			isa = XCConfigurationList;
			buildConfigurations = (
				5B8714B22D072959007C03B0 /* Debug */,
				5B8714B32D072959007C03B0 /* Release */,
			);
			defaultConfigurationIsVisible = 0;
			defaultConfigurationName = Release;
		};
/* End XCConfigurationList section */
	};
	rootObject = 5B87147D2D072957007C03B0 /* Project object */;
}
